
Microsoft Visual Studio Solution File, Format Version 12.00
# Visual Studio Version 16
VisualStudioVersion = 16.0.30104.148
MinimumVisualStudioVersion = 10.0.40219.1
Project("{9A19103F-16F7-4668-BE54-9A1E7A4F7556}") = "TestManagement", "TestManagement\TestManagement.csproj", "{D13AD46D-2124-4610-8AC6-9529B7ECF358}"
EndProject
Project("{FAE04EC0-301F-11D3-BF4B-00C04F79EFBC}") = "异步编程", "异步编程\异步编程.csproj", "{D8A7D758-2B7E-4B55-9A92-6F40BE49E8D0}"
EndProject
Global
	GlobalSection(SolutionConfigurationPlatforms) = preSolution
		Debug|Any CPU = Debug|Any CPU
		Release|Any CPU = Release|Any CPU
	EndGlobalSection
	GlobalSection(ProjectConfigurationPlatforms) = postSolution
		{D13AD46D-2124-4610-8AC6-9529B7ECF358}.Debug|Any CPU.ActiveCfg = Debug|Any CPU
		{D13AD46D-2124-4610-8AC6-9529B7ECF358}.Debug|Any CPU.Build.0 = Debug|Any CPU
		{D13AD46D-2124-4610-8AC6-9529B7ECF358}.Release|Any CPU.ActiveCfg = Release|Any CPU
		{D13AD46D-2124-4610-8AC6-9529B7ECF358}.Release|Any CPU.Build.0 = Release|Any CPU
		{D8A7D758-2B7E-4B55-9A92-6F40BE49E8D0}.Debug|Any CPU.ActiveCfg = Debug|Any CPU
		{D8A7D758-2B7E-4B55-9A92-6F40BE49E8D0}.Debug|Any CPU.Build.0 = Debug|Any CPU
		{D8A7D758-2B7E-4B55-9A92-6F40BE49E8D0}.Release|Any CPU.ActiveCfg = Release|Any CPU
		{D8A7D758-2B7E-4B55-9A92-6F40BE49E8D0}.Release|Any CPU.Build.0 = Release|Any CPU
	EndGlobalSection
	GlobalSection(SolutionProperties) = preSolution
		HideSolutionNode = FALSE
	EndGlobalSection
	GlobalSection(ExtensibilityGlobals) = postSolution
		SolutionGuid = {35C1C927-32F0-4484-B9DB-B65BB95286C6}
	EndGlobalSection
EndGlobal
